
Microsoft Visual Studio Solution File, Format Version 12.00
# Visual Studio 15
VisualStudioVersion = 15.0.28307.779
MinimumVisualStudioVersion = 10.0.40219.1
Project("{9A19103F-16F7-4668-BE54-9A1E7A4F7556}") = "Gradius", "Gradius\Gradius.csproj", "{3D7CF262-7DA9-4B2B-B3A4-F72D508178D1}"
EndProject
Project("{9A19103F-16F7-4668-BE54-9A1E7A4F7556}") = "Gradius_Core", "Gradius_Core\Gradius_Core.csproj", "{892A06C4-2D50-449D-A685-4DEB4DD7FF12}"
EndProject
Project("{9A19103F-16F7-4668-BE54-9A1E7A4F7556}") = "Gradius_DataBaseLayer", "Gradius_DataBaseLayer\Gradius_DataBaseLayer.csproj", "{CFCDCE05-AE68-41E5-8F87-8A231F8B00F3}"
EndProject
Project("{FAE04EC0-301F-11D3-BF4B-00C04F79EFBC}") = "Tester", "Tester\Tester.csproj", "{4839437A-6365-413A-9E03-A93EE5EC4995}"
EndProject
Global
	GlobalSection(SolutionConfigurationPlatforms) = preSolution
		Debug|Any CPU = Debug|Any CPU
		Release|Any CPU = Release|Any CPU
	EndGlobalSection
	GlobalSection(ProjectConfigurationPlatforms) = postSolution
		{3D7CF262-7DA9-4B2B-B3A4-F72D508178D1}.Debug|Any CPU.ActiveCfg = Debug|Any CPU
		{3D7CF262-7DA9-4B2B-B3A4-F72D508178D1}.Debug|Any CPU.Build.0 = Debug|Any CPU
		{3D7CF262-7DA9-4B2B-B3A4-F72D508178D1}.Release|Any CPU.ActiveCfg = Release|Any CPU
		{3D7CF262-7DA9-4B2B-B3A4-F72D508178D1}.Release|Any CPU.Build.0 = Release|Any CPU
		{892A06C4-2D50-449D-A685-4DEB4DD7FF12}.Debug|Any CPU.ActiveCfg = Debug|Any CPU
		{892A06C4-2D50-449D-A685-4DEB4DD7FF12}.Debug|Any CPU.Build.0 = Debug|Any CPU
		{892A06C4-2D50-449D-A685-4DEB4DD7FF12}.Release|Any CPU.ActiveCfg = Release|Any CPU
		{892A06C4-2D50-449D-A685-4DEB4DD7FF12}.Release|Any CPU.Build.0 = Release|Any CPU
		{CFCDCE05-AE68-41E5-8F87-8A231F8B00F3}.Debug|Any CPU.ActiveCfg = Debug|Any CPU
		{CFCDCE05-AE68-41E5-8F87-8A231F8B00F3}.Debug|Any CPU.Build.0 = Debug|Any CPU
		{CFCDCE05-AE68-41E5-8F87-8A231F8B00F3}.Release|Any CPU.ActiveCfg = Release|Any CPU
		{CFCDCE05-AE68-41E5-8F87-8A231F8B00F3}.Release|Any CPU.Build.0 = Release|Any CPU
		{4839437A-6365-413A-9E03-A93EE5EC4995}.Debug|Any CPU.ActiveCfg = Debug|Any CPU
		{4839437A-6365-413A-9E03-A93EE5EC4995}.Debug|Any CPU.Build.0 = Debug|Any CPU
		{4839437A-6365-413A-9E03-A93EE5EC4995}.Release|Any CPU.ActiveCfg = Release|Any CPU
		{4839437A-6365-413A-9E03-A93EE5EC4995}.Release|Any CPU.Build.0 = Release|Any CPU
	EndGlobalSection
	GlobalSection(SolutionProperties) = preSolution
		HideSolutionNode = FALSE
	EndGlobalSection
	GlobalSection(ExtensibilityGlobals) = postSolution
		SolutionGuid = {6D4127AE-72E3-4B42-9BDB-0F2FD93A11ED}
	EndGlobalSection
EndGlobal
